// !$*UTF8*$!
{
	archiveVersion = 1;
	classes = {
	};
	objectVersion = 56;
	objects = {

/* Begin PBXBuildFile section */
		58260E9C294DCD0B008EA67B /* LoginDemoApp.swift in Sources */ = {isa = PBXBuildFile; fileRef = 58260E9B294DCD0B008EA67B /* LoginDemoApp.swift */; };
		587A4BE3294DC07F00521BC7 /* CoolApp.swift in Sources */ = {isa = PBXBuildFile; fileRef = 587A4BE2294DC07F00521BC7 /* CoolApp.swift */; };
		587A4BE7294DC08000521BC7 /* Assets.xcassets in Resources */ = {isa = PBXBuildFile; fileRef = 587A4BE6294DC08000521BC7 /* Assets.xcassets */; };
		5880767E294DFF4B005E22E5 /* Feature in Frameworks */ = {isa = PBXBuildFile; productRef = 5880767D294DFF4B005E22E5 /* Feature */; };
		5880767F294DFF89005E22E5 /* FeatureDemoApp.swift in Sources */ = {isa = PBXBuildFile; fileRef = 58807670294DFF27005E22E5 /* FeatureDemoApp.swift */; };
		58807688294E04CC005E22E5 /* HomeDemoApp.swift in Sources */ = {isa = PBXBuildFile; fileRef = 58807687294E04CC005E22E5 /* HomeDemoApp.swift */; };
		58807694294E04F3005E22E5 /* Home in Frameworks */ = {isa = PBXBuildFile; productRef = 58807693294E04F3005E22E5 /* Home */; };
		58807696294E0837005E22E5 /* Home in Frameworks */ = {isa = PBXBuildFile; productRef = 58807695294E0837005E22E5 /* Home */; };
		58807698294E0839005E22E5 /* Login in Frameworks */ = {isa = PBXBuildFile; productRef = 58807697294E0839005E22E5 /* Login */; };
		5880769A294E0885005E22E5 /* Root.swift in Sources */ = {isa = PBXBuildFile; fileRef = 58807699294E0885005E22E5 /* Root.swift */; };
		5880769C294E08FF005E22E5 /* RootView.swift in Sources */ = {isa = PBXBuildFile; fileRef = 5880769B294E08FF005E22E5 /* RootView.swift */; };
		58D2C9F6294DD1A800B14D4C /* Login in Frameworks */ = {isa = PBXBuildFile; productRef = 58D2C9F5294DD1A800B14D4C /* Login */; };
/* End PBXBuildFile section */

/* Begin PBXFileReference section */
		58260E99294DCD0B008EA67B /* LoginDemo.app */ = {isa = PBXFileReference; explicitFileType = wrapper.application; includeInIndex = 0; path = LoginDemo.app; sourceTree = BUILT_PRODUCTS_DIR; };
		58260E9B294DCD0B008EA67B /* LoginDemoApp.swift */ = {isa = PBXFileReference; lastKnownFileType = sourcecode.swift; path = LoginDemoApp.swift; sourceTree = "<group>"; };
		58429C59294E150D003359C3 /* Feature */ = {isa = PBXFileReference; lastKnownFileType = wrapper; path = Feature; sourceTree = "<group>"; };
		58429C5A294E1512003359C3 /* Home */ = {isa = PBXFileReference; lastKnownFileType = wrapper; path = Home; sourceTree = "<group>"; };
		587A4BDF294DC07F00521BC7 /* CoolApp.app */ = {isa = PBXFileReference; explicitFileType = wrapper.application; includeInIndex = 0; path = CoolApp.app; sourceTree = BUILT_PRODUCTS_DIR; };
		587A4BE2294DC07F00521BC7 /* CoolApp.swift */ = {isa = PBXFileReference; lastKnownFileType = sourcecode.swift; path = CoolApp.swift; sourceTree = "<group>"; };
		587A4BE6294DC08000521BC7 /* Assets.xcassets */ = {isa = PBXFileReference; lastKnownFileType = folder.assetcatalog; path = Assets.xcassets; sourceTree = "<group>"; };
		587A4BF3294DC3CC00521BC7 /* Login */ = {isa = PBXFileReference; lastKnownFileType = wrapper; path = Login; sourceTree = "<group>"; };
		5880766E294DFF27005E22E5 /* FeatureDemo.app */ = {isa = PBXFileReference; explicitFileType = wrapper.application; includeInIndex = 0; path = FeatureDemo.app; sourceTree = BUILT_PRODUCTS_DIR; };
		58807670294DFF27005E22E5 /* FeatureDemoApp.swift */ = {isa = PBXFileReference; lastKnownFileType = sourcecode.swift; path = FeatureDemoApp.swift; sourceTree = "<group>"; };
		58807685294E04CC005E22E5 /* HomeDemo.app */ = {isa = PBXFileReference; explicitFileType = wrapper.application; includeInIndex = 0; path = HomeDemo.app; sourceTree = BUILT_PRODUCTS_DIR; };
		58807687294E04CC005E22E5 /* HomeDemoApp.swift */ = {isa = PBXFileReference; lastKnownFileType = sourcecode.swift; path = HomeDemoApp.swift; sourceTree = "<group>"; };
		58807699294E0885005E22E5 /* Root.swift */ = {isa = PBXFileReference; lastKnownFileType = sourcecode.swift; path = Root.swift; sourceTree = "<group>"; };
		5880769B294E08FF005E22E5 /* RootView.swift */ = {isa = PBXFileReference; lastKnownFileType = sourcecode.swift; path = RootView.swift; sourceTree = "<group>"; };
/* End PBXFileReference section */

/* Begin PBXFrameworksBuildPhase section */
		58260E96294DCD0B008EA67B /* Frameworks */ = {
			isa = PBXFrameworksBuildPhase;
			buildActionMask = 2147483647;
			files = (
				58D2C9F6294DD1A800B14D4C /* Login in Frameworks */,
			);
			runOnlyForDeploymentPostprocessing = 0;
		};
		587A4BDC294DC07F00521BC7 /* Frameworks */ = {
			isa = PBXFrameworksBuildPhase;
			buildActionMask = 2147483647;
			files = (
				58807698294E0839005E22E5 /* Login in Frameworks */,
				58807696294E0837005E22E5 /* Home in Frameworks */,
			);
			runOnlyForDeploymentPostprocessing = 0;
		};
		5880766B294DFF27005E22E5 /* Frameworks */ = {
			isa = PBXFrameworksBuildPhase;
			buildActionMask = 2147483647;
			files = (
				5880767E294DFF4B005E22E5 /* Feature in Frameworks */,
			);
			runOnlyForDeploymentPostprocessing = 0;
		};
		58807682294E04CC005E22E5 /* Frameworks */ = {
			isa = PBXFrameworksBuildPhase;
			buildActionMask = 2147483647;
			files = (
				58807694294E04F3005E22E5 /* Home in Frameworks */,
			);
			runOnlyForDeploymentPostprocessing = 0;
		};
/* End PBXFrameworksBuildPhase section */

/* Begin PBXGroup section */
		58260EA7294DCD36008EA67B /* Frameworks */ = {
			isa = PBXGroup;
			children = (
			);
			name = Frameworks;
			sourceTree = "<group>";
		};
		587A4BD6294DC07F00521BC7 = {
			isa = PBXGroup;
			children = (
				58807655294DD79F005E22E5 /* Demos */,
				587A4BF2294DC3C300521BC7 /* Packages */,
				587A4BE1294DC07F00521BC7 /* CoolApp */,
				587A4BE0294DC07F00521BC7 /* Products */,
				58260EA7294DCD36008EA67B /* Frameworks */,
			);
			sourceTree = "<group>";
		};
		587A4BE0294DC07F00521BC7 /* Products */ = {
			isa = PBXGroup;
			children = (
				587A4BDF294DC07F00521BC7 /* CoolApp.app */,
				58260E99294DCD0B008EA67B /* LoginDemo.app */,
				5880766E294DFF27005E22E5 /* FeatureDemo.app */,
				58807685294E04CC005E22E5 /* HomeDemo.app */,
			);
			name = Products;
			sourceTree = "<group>";
		};
		587A4BE1294DC07F00521BC7 /* CoolApp */ = {
			isa = PBXGroup;
			children = (
				587A4BE2294DC07F00521BC7 /* CoolApp.swift */,
				58807699294E0885005E22E5 /* Root.swift */,
				5880769B294E08FF005E22E5 /* RootView.swift */,
				587A4BE6294DC08000521BC7 /* Assets.xcassets */,
			);
			path = CoolApp;
			sourceTree = "<group>";
		};
		587A4BF2294DC3C300521BC7 /* Packages */ = {
			isa = PBXGroup;
			children = (
				58429C59294E150D003359C3 /* Feature */,
				587A4BF3294DC3CC00521BC7 /* Login */,
				58429C5A294E1512003359C3 /* Home */,
			);
			path = Packages;
			sourceTree = "<group>";
		};
		58807655294DD79F005E22E5 /* Demos */ = {
			isa = PBXGroup;
			children = (
				58807687294E04CC005E22E5 /* HomeDemoApp.swift */,
				58260E9B294DCD0B008EA67B /* LoginDemoApp.swift */,
				58807670294DFF27005E22E5 /* FeatureDemoApp.swift */,
			);
			path = Demos;
			sourceTree = "<group>";
		};
/* End PBXGroup section */

/* Begin PBXNativeTarget section */
		58260E98294DCD0B008EA67B /* LoginDemo */ = {
			isa = PBXNativeTarget;
			buildConfigurationList = 58260EA6294DCD0C008EA67B /* Build configuration list for PBXNativeTarget "LoginDemo" */;
			buildPhases = (
				58260E95294DCD0B008EA67B /* Sources */,
				58260E96294DCD0B008EA67B /* Frameworks */,
				58260E97294DCD0B008EA67B /* Resources */,
			);
			buildRules = (
			);
			dependencies = (
			);
			name = LoginDemo;
			packageProductDependencies = (
				58D2C9F5294DD1A800B14D4C /* Login */,
			);
			productName = LoginDemo;
			productReference = 58260E99294DCD0B008EA67B /* LoginDemo.app */;
			productType = "com.apple.product-type.application";
		};
		587A4BDE294DC07F00521BC7 /* CoolApp */ = {
			isa = PBXNativeTarget;
			buildConfigurationList = 587A4BED294DC08000521BC7 /* Build configuration list for PBXNativeTarget "CoolApp" */;
			buildPhases = (
				587A4BDB294DC07F00521BC7 /* Sources */,
				587A4BDC294DC07F00521BC7 /* Frameworks */,
				587A4BDD294DC07F00521BC7 /* Resources */,
			);
			buildRules = (
			);
			dependencies = (
			);
			name = CoolApp;
			packageProductDependencies = (
				58807695294E0837005E22E5 /* Home */,
				58807697294E0839005E22E5 /* Login */,
			);
			productName = CoolApp;
			productReference = 587A4BDF294DC07F00521BC7 /* CoolApp.app */;
			productType = "com.apple.product-type.application";
		};
		5880766D294DFF27005E22E5 /* FeatureDemo */ = {
			isa = PBXNativeTarget;
			buildConfigurationList = 58807679294DFF28005E22E5 /* Build configuration list for PBXNativeTarget "FeatureDemo" */;
			buildPhases = (
				5880766A294DFF27005E22E5 /* Sources */,
				5880766B294DFF27005E22E5 /* Frameworks */,
				5880766C294DFF27005E22E5 /* Resources */,
			);
			buildRules = (
			);
			dependencies = (
			);
			name = FeatureDemo;
			packageProductDependencies = (
				5880767D294DFF4B005E22E5 /* Feature */,
			);
			productName = FeatureDemo;
			productReference = 5880766E294DFF27005E22E5 /* FeatureDemo.app */;
			productType = "com.apple.product-type.application";
		};
		58807684294E04CC005E22E5 /* HomeDemo */ = {
			isa = PBXNativeTarget;
			buildConfigurationList = 58807690294E04CD005E22E5 /* Build configuration list for PBXNativeTarget "HomeDemo" */;
			buildPhases = (
				58807681294E04CC005E22E5 /* Sources */,
				58807682294E04CC005E22E5 /* Frameworks */,
				58807683294E04CC005E22E5 /* Resources */,
			);
			buildRules = (
			);
			dependencies = (
			);
			name = HomeDemo;
			packageProductDependencies = (
				58807693294E04F3005E22E5 /* Home */,
			);
			productName = HomeDemo;
			productReference = 58807685294E04CC005E22E5 /* HomeDemo.app */;
			productType = "com.apple.product-type.application";
		};
/* End PBXNativeTarget section */

/* Begin PBXProject section */
		587A4BD7294DC07F00521BC7 /* Project object */ = {
			isa = PBXProject;
			attributes = {
				BuildIndependentTargetsInParallel = 1;
				LastSwiftUpdateCheck = 1410;
				LastUpgradeCheck = 1410;
				TargetAttributes = {
					58260E98294DCD0B008EA67B = {
						CreatedOnToolsVersion = 14.1;
					};
					587A4BDE294DC07F00521BC7 = {
						CreatedOnToolsVersion = 14.1;
					};
					5880766D294DFF27005E22E5 = {
						CreatedOnToolsVersion = 14.1;
					};
					58807684294E04CC005E22E5 = {
						CreatedOnToolsVersion = 14.1;
					};
				};
			};
			buildConfigurationList = 587A4BDA294DC07F00521BC7 /* Build configuration list for PBXProject "CoolApp" */;
			compatibilityVersion = "Xcode 14.0";
			developmentRegion = en;
			hasScannedForEncodings = 0;
			knownRegions = (
				en,
				Base,
			);
			mainGroup = 587A4BD6294DC07F00521BC7;
			productRefGroup = 587A4BE0294DC07F00521BC7 /* Products */;
			projectDirPath = "";
			projectRoot = "";
			targets = (
				587A4BDE294DC07F00521BC7 /* CoolApp */,
				58260E98294DCD0B008EA67B /* LoginDemo */,
				5880766D294DFF27005E22E5 /* FeatureDemo */,
				58807684294E04CC005E22E5 /* HomeDemo */,
			);
		};
/* End PBXProject section */

/* Begin PBXResourcesBuildPhase section */
		58260E97294DCD0B008EA67B /* Resources */ = {
			isa = PBXResourcesBuildPhase;
			buildActionMask = 2147483647;
			files = (
			);
			runOnlyForDeploymentPostprocessing = 0;
		};
		587A4BDD294DC07F00521BC7 /* Resources */ = {
			isa = PBXResourcesBuildPhase;
			buildActionMask = 2147483647;
			files = (
				587A4BE7294DC08000521BC7 /* Assets.xcassets in Resources */,
			);
			runOnlyForDeploymentPostprocessing = 0;
		};
		5880766C294DFF27005E22E5 /* Resources */ = {
			isa = PBXResourcesBuildPhase;
			buildActionMask = 2147483647;
			files = (
			);
			runOnlyForDeploymentPostprocessing = 0;
		};
		58807683294E04CC005E22E5 /* Resources */ = {
			isa = PBXResourcesBuildPhase;
			buildActionMask = 2147483647;
			files = (
			);
			runOnlyForDeploymentPostprocessing = 0;
		};
/* End PBXResourcesBuildPhase section */

/* Begin PBXSourcesBuildPhase section */
		58260E95294DCD0B008EA67B /* Sources */ = {
			isa = PBXSourcesBuildPhase;
			buildActionMask = 2147483647;
			files = (
				58260E9C294DCD0B008EA67B /* LoginDemoApp.swift in Sources */,
			);
			runOnlyForDeploymentPostprocessing = 0;
		};
		587A4BDB294DC07F00521BC7 /* Sources */ = {
			isa = PBXSourcesBuildPhase;
			buildActionMask = 2147483647;
			files = (
				587A4BE3294DC07F00521BC7 /* CoolApp.swift in Sources */,
				5880769A294E0885005E22E5 /* Root.swift in Sources */,
				5880769C294E08FF005E22E5 /* RootView.swift in Sources */,
			);
			runOnlyForDeploymentPostprocessing = 0;
		};
		5880766A294DFF27005E22E5 /* Sources */ = {
			isa = PBXSourcesBuildPhase;
			buildActionMask = 2147483647;
			files = (
				5880767F294DFF89005E22E5 /* FeatureDemoApp.swift in Sources */,
			);
			runOnlyForDeploymentPostprocessing = 0;
		};
		58807681294E04CC005E22E5 /* Sources */ = {
			isa = PBXSourcesBuildPhase;
			buildActionMask = 2147483647;
			files = (
				58807688294E04CC005E22E5 /* HomeDemoApp.swift in Sources */,
			);
			runOnlyForDeploymentPostprocessing = 0;
		};
/* End PBXSourcesBuildPhase section */

/* Begin XCBuildConfiguration section */
		58260EA4294DCD0C008EA67B /* Debug */ = {
			isa = XCBuildConfiguration;
			buildSettings = {
				ASSETCATALOG_COMPILER_APPICON_NAME = AppIcon;
				ASSETCATALOG_COMPILER_GLOBAL_ACCENT_COLOR_NAME = AccentColor;
				CODE_SIGN_STYLE = Automatic;
				CURRENT_PROJECT_VERSION = 1;
				DEVELOPMENT_TEAM = 8LVZG256RC;
				ENABLE_PREVIEWS = YES;
				GENERATE_INFOPLIST_FILE = YES;
				INFOPLIST_KEY_UIApplicationSceneManifest_Generation = YES;
				INFOPLIST_KEY_UIApplicationSupportsIndirectInputEvents = YES;
				INFOPLIST_KEY_UILaunchScreen_Generation = YES;
				INFOPLIST_KEY_UISupportedInterfaceOrientations_iPad = "UIInterfaceOrientationPortrait UIInterfaceOrientationPortraitUpsideDown UIInterfaceOrientationLandscapeLeft UIInterfaceOrientationLandscapeRight";
				INFOPLIST_KEY_UISupportedInterfaceOrientations_iPhone = "UIInterfaceOrientationPortrait UIInterfaceOrientationLandscapeLeft UIInterfaceOrientationLandscapeRight";
				IPHONEOS_DEPLOYMENT_TARGET = 16.0;
				LD_RUNPATH_SEARCH_PATHS = (
					"$(inherited)",
					"@executable_path/Frameworks",
				);
				MARKETING_VERSION = 1.0;
				PRODUCT_BUNDLE_IDENTIFIER = none.LoginDemo;
				PRODUCT_NAME = "$(TARGET_NAME)";
				SWIFT_EMIT_LOC_STRINGS = YES;
				SWIFT_VERSION = 5.0;
				TARGETED_DEVICE_FAMILY = "1,2";
			};
			name = Debug;
		};
		58260EA5294DCD0C008EA67B /* Release */ = {
			isa = XCBuildConfiguration;
			buildSettings = {
				ASSETCATALOG_COMPILER_APPICON_NAME = AppIcon;
				ASSETCATALOG_COMPILER_GLOBAL_ACCENT_COLOR_NAME = AccentColor;
				CODE_SIGN_STYLE = Automatic;
				CURRENT_PROJECT_VERSION = 1;
				DEVELOPMENT_TEAM = 8LVZG256RC;
				ENABLE_PREVIEWS = YES;
				GENERATE_INFOPLIST_FILE = YES;
				INFOPLIST_KEY_UIApplicationSceneManifest_Generation = YES;
				INFOPLIST_KEY_UIApplicationSupportsIndirectInputEvents = YES;
				INFOPLIST_KEY_UILaunchScreen_Generation = YES;
				INFOPLIST_KEY_UISupportedInterfaceOrientations_iPad = "UIInterfaceOrientationPortrait UIInterfaceOrientationPortraitUpsideDown UIInterfaceOrientationLandscapeLeft UIInterfaceOrientationLandscapeRight";
				INFOPLIST_KEY_UISupportedInterfaceOrientations_iPhone = "UIInterfaceOrientationPortrait UIInterfaceOrientationLandscapeLeft UIInterfaceOrientationLandscapeRight";
				IPHONEOS_DEPLOYMENT_TARGET = 16.0;
				LD_RUNPATH_SEARCH_PATHS = (
					"$(inherited)",
					"@executable_path/Frameworks",
				);
				MARKETING_VERSION = 1.0;
				PRODUCT_BUNDLE_IDENTIFIER = none.LoginDemo;
				PRODUCT_NAME = "$(TARGET_NAME)";
				SWIFT_EMIT_LOC_STRINGS = YES;
				SWIFT_VERSION = 5.0;
				TARGETED_DEVICE_FAMILY = "1,2";
			};
			name = Release;
		};
		587A4BEB294DC08000521BC7 /* Debug */ = {
			isa = XCBuildConfiguration;
			buildSettings = {
				ALWAYS_SEARCH_USER_PATHS = NO;
				CLANG_ANALYZER_NONNULL = YES;
				CLANG_ANALYZER_NUMBER_OBJECT_CONVERSION = YES_AGGRESSIVE;
				CLANG_CXX_LANGUAGE_STANDARD = "gnu++20";
				CLANG_ENABLE_MODULES = YES;
				CLANG_ENABLE_OBJC_ARC = YES;
				CLANG_ENABLE_OBJC_WEAK = YES;
				CLANG_WARN_BLOCK_CAPTURE_AUTORELEASING = YES;
				CLANG_WARN_BOOL_CONVERSION = YES;
				CLANG_WARN_COMMA = YES;
				CLANG_WARN_CONSTANT_CONVERSION = YES;
				CLANG_WARN_DEPRECATED_OBJC_IMPLEMENTATIONS = YES;
				CLANG_WARN_DIRECT_OBJC_ISA_USAGE = YES_ERROR;
				CLANG_WARN_DOCUMENTATION_COMMENTS = YES;
				CLANG_WARN_EMPTY_BODY = YES;
				CLANG_WARN_ENUM_CONVERSION = YES;
				CLANG_WARN_INFINITE_RECURSION = YES;
				CLANG_WARN_INT_CONVERSION = YES;
				CLANG_WARN_NON_LITERAL_NULL_CONVERSION = YES;
				CLANG_WARN_OBJC_IMPLICIT_RETAIN_SELF = YES;
				CLANG_WARN_OBJC_LITERAL_CONVERSION = YES;
				CLANG_WARN_OBJC_ROOT_CLASS = YES_ERROR;
				CLANG_WARN_QUOTED_INCLUDE_IN_FRAMEWORK_HEADER = YES;
				CLANG_WARN_RANGE_LOOP_ANALYSIS = YES;
				CLANG_WARN_STRICT_PROTOTYPES = YES;
				CLANG_WARN_SUSPICIOUS_MOVE = YES;
				CLANG_WARN_UNGUARDED_AVAILABILITY = YES_AGGRESSIVE;
				CLANG_WARN_UNREACHABLE_CODE = YES;
				CLANG_WARN__DUPLICATE_METHOD_MATCH = YES;
				COPY_PHASE_STRIP = NO;
				DEBUG_INFORMATION_FORMAT = dwarf;
				ENABLE_STRICT_OBJC_MSGSEND = YES;
				ENABLE_TESTABILITY = YES;
				GCC_C_LANGUAGE_STANDARD = gnu11;
				GCC_DYNAMIC_NO_PIC = NO;
				GCC_NO_COMMON_BLOCKS = YES;
				GCC_OPTIMIZATION_LEVEL = 0;
				GCC_PREPROCESSOR_DEFINITIONS = (
					"DEBUG=1",
					"$(inherited)",
				);
				GCC_WARN_64_TO_32_BIT_CONVERSION = YES;
				GCC_WARN_ABOUT_RETURN_TYPE = YES_ERROR;
				GCC_WARN_UNDECLARED_SELECTOR = YES;
				GCC_WARN_UNINITIALIZED_AUTOS = YES_AGGRESSIVE;
				GCC_WARN_UNUSED_FUNCTION = YES;
				GCC_WARN_UNUSED_VARIABLE = YES;
				IPHONEOS_DEPLOYMENT_TARGET = 16.0;
				MTL_ENABLE_DEBUG_INFO = INCLUDE_SOURCE;
				MTL_FAST_MATH = YES;
				ONLY_ACTIVE_ARCH = YES;
				SDKROOT = iphoneos;
				SWIFT_ACTIVE_COMPILATION_CONDITIONS = DEBUG;
				SWIFT_OPTIMIZATION_LEVEL = "-Onone";
			};
			name = Debug;
		};
		587A4BEC294DC08000521BC7 /* Release */ = {
			isa = XCBuildConfiguration;
			buildSettings = {
				ALWAYS_SEARCH_USER_PATHS = NO;
				CLANG_ANALYZER_NONNULL = YES;
				CLANG_ANALYZER_NUMBER_OBJECT_CONVERSION = YES_AGGRESSIVE;
				CLANG_CXX_LANGUAGE_STANDARD = "gnu++20";
				CLANG_ENABLE_MODULES = YES;
				CLANG_ENABLE_OBJC_ARC = YES;
				CLANG_ENABLE_OBJC_WEAK = YES;
				CLANG_WARN_BLOCK_CAPTURE_AUTORELEASING = YES;
				CLANG_WARN_BOOL_CONVERSION = YES;
				CLANG_WARN_COMMA = YES;
				CLANG_WARN_CONSTANT_CONVERSION = YES;
				CLANG_WARN_DEPRECATED_OBJC_IMPLEMENTATIONS = YES;
				CLANG_WARN_DIRECT_OBJC_ISA_USAGE = YES_ERROR;
				CLANG_WARN_DOCUMENTATION_COMMENTS = YES;
				CLANG_WARN_EMPTY_BODY = YES;
				CLANG_WARN_ENUM_CONVERSION = YES;
				CLANG_WARN_INFINITE_RECURSION = YES;
				CLANG_WARN_INT_CONVERSION = YES;
				CLANG_WARN_NON_LITERAL_NULL_CONVERSION = YES;
				CLANG_WARN_OBJC_IMPLICIT_RETAIN_SELF = YES;
				CLANG_WARN_OBJC_LITERAL_CONVERSION = YES;
				CLANG_WARN_OBJC_ROOT_CLASS = YES_ERROR;
				CLANG_WARN_QUOTED_INCLUDE_IN_FRAMEWORK_HEADER = YES;
				CLANG_WARN_RANGE_LOOP_ANALYSIS = YES;
				CLANG_WARN_STRICT_PROTOTYPES = YES;
				CLANG_WARN_SUSPICIOUS_MOVE = YES;
				CLANG_WARN_UNGUARDED_AVAILABILITY = YES_AGGRESSIVE;
				CLANG_WARN_UNREACHABLE_CODE = YES;
				CLANG_WARN__DUPLICATE_METHOD_MATCH = YES;
				COPY_PHASE_STRIP = NO;
				DEBUG_INFORMATION_FORMAT = "dwarf-with-dsym";
				ENABLE_NS_ASSERTIONS = NO;
				ENABLE_STRICT_OBJC_MSGSEND = YES;
				GCC_C_LANGUAGE_STANDARD = gnu11;
				GCC_NO_COMMON_BLOCKS = YES;
				GCC_WARN_64_TO_32_BIT_CONVERSION = YES;
				GCC_WARN_ABOUT_RETURN_TYPE = YES_ERROR;
				GCC_WARN_UNDECLARED_SELECTOR = YES;
				GCC_WARN_UNINITIALIZED_AUTOS = YES_AGGRESSIVE;
				GCC_WARN_UNUSED_FUNCTION = YES;
				GCC_WARN_UNUSED_VARIABLE = YES;
				IPHONEOS_DEPLOYMENT_TARGET = 16.0;
				MTL_ENABLE_DEBUG_INFO = NO;
				MTL_FAST_MATH = YES;
				SDKROOT = iphoneos;
				SWIFT_COMPILATION_MODE = wholemodule;
				SWIFT_OPTIMIZATION_LEVEL = "-O";
				VALIDATE_PRODUCT = YES;
			};
			name = Release;
		};
		587A4BEE294DC08000521BC7 /* Debug */ = {
			isa = XCBuildConfiguration;
			buildSettings = {
				ASSETCATALOG_COMPILER_APPICON_NAME = AppIcon;
				ASSETCATALOG_COMPILER_GLOBAL_ACCENT_COLOR_NAME = AccentColor;
				CODE_SIGN_STYLE = Automatic;
				CURRENT_PROJECT_VERSION = 1;
				DEVELOPMENT_TEAM = 8LVZG256RC;
				ENABLE_PREVIEWS = YES;
				GENERATE_INFOPLIST_FILE = YES;
				INFOPLIST_KEY_UIApplicationSceneManifest_Generation = YES;
				INFOPLIST_KEY_UIApplicationSupportsIndirectInputEvents = YES;
				INFOPLIST_KEY_UILaunchScreen_Generation = YES;
				INFOPLIST_KEY_UISupportedInterfaceOrientations_iPad = "UIInterfaceOrientationPortrait UIInterfaceOrientationPortraitUpsideDown UIInterfaceOrientationLandscapeLeft UIInterfaceOrientationLandscapeRight";
				INFOPLIST_KEY_UISupportedInterfaceOrientations_iPhone = "UIInterfaceOrientationPortrait UIInterfaceOrientationLandscapeLeft UIInterfaceOrientationLandscapeRight";
				IPHONEOS_DEPLOYMENT_TARGET = 16.0;
				LD_RUNPATH_SEARCH_PATHS = (
					"$(inherited)",
					"@executable_path/Frameworks",
				);
				MARKETING_VERSION = 1.0;
				PRODUCT_BUNDLE_IDENTIFIER = none.CoolApp;
				PRODUCT_NAME = "$(TARGET_NAME)";
				SWIFT_EMIT_LOC_STRINGS = YES;
				SWIFT_VERSION = 5.0;
				TARGETED_DEVICE_FAMILY = "1,2";
			};
			name = Debug;
		};
		587A4BEF294DC08000521BC7 /* Release */ = {
			isa = XCBuildConfiguration;
			buildSettings = {
				ASSETCATALOG_COMPILER_APPICON_NAME = AppIcon;
				ASSETCATALOG_COMPILER_GLOBAL_ACCENT_COLOR_NAME = AccentColor;
				CODE_SIGN_STYLE = Automatic;
				CURRENT_PROJECT_VERSION = 1;
				DEVELOPMENT_TEAM = 8LVZG256RC;
				ENABLE_PREVIEWS = YES;
				GENERATE_INFOPLIST_FILE = YES;
				INFOPLIST_KEY_UIApplicationSceneManifest_Generation = YES;
				INFOPLIST_KEY_UIApplicationSupportsIndirectInputEvents = YES;
				INFOPLIST_KEY_UILaunchScreen_Generation = YES;
				INFOPLIST_KEY_UISupportedInterfaceOrientations_iPad = "UIInterfaceOrientationPortrait UIInterfaceOrientationPortraitUpsideDown UIInterfaceOrientationLandscapeLeft UIInterfaceOrientationLandscapeRight";
				INFOPLIST_KEY_UISupportedInterfaceOrientations_iPhone = "UIInterfaceOrientationPortrait UIInterfaceOrientationLandscapeLeft UIInterfaceOrientationLandscapeRight";
				IPHONEOS_DEPLOYMENT_TARGET = 16.0;
				LD_RUNPATH_SEARCH_PATHS = (
					"$(inherited)",
					"@executable_path/Frameworks",
				);
				MARKETING_VERSION = 1.0;
				PRODUCT_BUNDLE_IDENTIFIER = none.CoolApp;
				PRODUCT_NAME = "$(TARGET_NAME)";
				SWIFT_EMIT_LOC_STRINGS = YES;
				SWIFT_VERSION = 5.0;
				TARGETED_DEVICE_FAMILY = "1,2";
			};
			name = Release;
		};
		5880767A294DFF28005E22E5 /* Debug */ = {
			isa = XCBuildConfiguration;
			buildSettings = {
				ASSETCATALOG_COMPILER_APPICON_NAME = AppIcon;
				ASSETCATALOG_COMPILER_GLOBAL_ACCENT_COLOR_NAME = AccentColor;
				CODE_SIGN_STYLE = Automatic;
				CURRENT_PROJECT_VERSION = 1;
				DEVELOPMENT_TEAM = 8LVZG256RC;
				ENABLE_PREVIEWS = YES;
				GENERATE_INFOPLIST_FILE = YES;
				INFOPLIST_KEY_UIApplicationSceneManifest_Generation = YES;
				INFOPLIST_KEY_UIApplicationSupportsIndirectInputEvents = YES;
				INFOPLIST_KEY_UILaunchScreen_Generation = YES;
				INFOPLIST_KEY_UISupportedInterfaceOrientations_iPad = "UIInterfaceOrientationPortrait UIInterfaceOrientationPortraitUpsideDown UIInterfaceOrientationLandscapeLeft UIInterfaceOrientationLandscapeRight";
				INFOPLIST_KEY_UISupportedInterfaceOrientations_iPhone = "UIInterfaceOrientationPortrait UIInterfaceOrientationLandscapeLeft UIInterfaceOrientationLandscapeRight";
				IPHONEOS_DEPLOYMENT_TARGET = 16.0;
				LD_RUNPATH_SEARCH_PATHS = (
					"$(inherited)",
					"@executable_path/Frameworks",
				);
				MARKETING_VERSION = 1.0;
				PRODUCT_BUNDLE_IDENTIFIER = none.FeatureDemo;
				PRODUCT_NAME = "$(TARGET_NAME)";
				SWIFT_EMIT_LOC_STRINGS = YES;
				SWIFT_VERSION = 5.0;
				TARGETED_DEVICE_FAMILY = "1,2";
			};
			name = Debug;
		};
		5880767B294DFF28005E22E5 /* Release */ = {
			isa = XCBuildConfiguration;
			buildSettings = {
				ASSETCATALOG_COMPILER_APPICON_NAME = AppIcon;
				ASSETCATALOG_COMPILER_GLOBAL_ACCENT_COLOR_NAME = AccentColor;
				CODE_SIGN_STYLE = Automatic;
				CURRENT_PROJECT_VERSION = 1;
				DEVELOPMENT_TEAM = 8LVZG256RC;
				ENABLE_PREVIEWS = YES;
				GENERATE_INFOPLIST_FILE = YES;
				INFOPLIST_KEY_UIApplicationSceneManifest_Generation = YES;
				INFOPLIST_KEY_UIApplicationSupportsIndirectInputEvents = YES;
				INFOPLIST_KEY_UILaunchScreen_Generation = YES;
				INFOPLIST_KEY_UISupportedInterfaceOrientations_iPad = "UIInterfaceOrientationPortrait UIInterfaceOrientationPortraitUpsideDown UIInterfaceOrientationLandscapeLeft UIInterfaceOrientationLandscapeRight";
				INFOPLIST_KEY_UISupportedInterfaceOrientations_iPhone = "UIInterfaceOrientationPortrait UIInterfaceOrientationLandscapeLeft UIInterfaceOrientationLandscapeRight";
				IPHONEOS_DEPLOYMENT_TARGET = 16.0;
				LD_RUNPATH_SEARCH_PATHS = (
					"$(inherited)",
					"@executable_path/Frameworks",
				);
				MARKETING_VERSION = 1.0;
				PRODUCT_BUNDLE_IDENTIFIER = none.FeatureDemo;
				PRODUCT_NAME = "$(TARGET_NAME)";
				SWIFT_EMIT_LOC_STRINGS = YES;
				SWIFT_VERSION = 5.0;
				TARGETED_DEVICE_FAMILY = "1,2";
			};
			name = Release;
		};
		58807691294E04CD005E22E5 /* Debug */ = {
			isa = XCBuildConfiguration;
			buildSettings = {
				ASSETCATALOG_COMPILER_APPICON_NAME = AppIcon;
				ASSETCATALOG_COMPILER_GLOBAL_ACCENT_COLOR_NAME = AccentColor;
				CODE_SIGN_STYLE = Automatic;
				CURRENT_PROJECT_VERSION = 1;
				DEVELOPMENT_TEAM = 8LVZG256RC;
				ENABLE_PREVIEWS = YES;
				GENERATE_INFOPLIST_FILE = YES;
				INFOPLIST_KEY_UIApplicationSceneManifest_Generation = YES;
				INFOPLIST_KEY_UIApplicationSupportsIndirectInputEvents = YES;
				INFOPLIST_KEY_UILaunchScreen_Generation = YES;
				INFOPLIST_KEY_UISupportedInterfaceOrientations_iPad = "UIInterfaceOrientationPortrait UIInterfaceOrientationPortraitUpsideDown UIInterfaceOrientationLandscapeLeft UIInterfaceOrientationLandscapeRight";
				INFOPLIST_KEY_UISupportedInterfaceOrientations_iPhone = "UIInterfaceOrientationPortrait UIInterfaceOrientationLandscapeLeft UIInterfaceOrientationLandscapeRight";
				IPHONEOS_DEPLOYMENT_TARGET = 16.1;
				LD_RUNPATH_SEARCH_PATHS = (
					"$(inherited)",
					"@executable_path/Frameworks",
				);
				MARKETING_VERSION = 1.0;
				PRODUCT_BUNDLE_IDENTIFIER = none.HomeDemo;
				PRODUCT_NAME = "$(TARGET_NAME)";
				SWIFT_EMIT_LOC_STRINGS = YES;
				SWIFT_VERSION = 5.0;
				TARGETED_DEVICE_FAMILY = "1,2";
			};
			name = Debug;
		};
		58807692294E04CD005E22E5 /* Release */ = {
			isa = XCBuildConfiguration;
			buildSettings = {
				ASSETCATALOG_COMPILER_APPICON_NAME = AppIcon;
				ASSETCATALOG_COMPILER_GLOBAL_ACCENT_COLOR_NAME = AccentColor;
				CODE_SIGN_STYLE = Automatic;
				CURRENT_PROJECT_VERSION = 1;
				DEVELOPMENT_TEAM = 8LVZG256RC;
				ENABLE_PREVIEWS = YES;
				GENERATE_INFOPLIST_FILE = YES;
				INFOPLIST_KEY_UIApplicationSceneManifest_Generation = YES;
				INFOPLIST_KEY_UIApplicationSupportsIndirectInputEvents = YES;
				INFOPLIST_KEY_UILaunchScreen_Generation = YES;
				INFOPLIST_KEY_UISupportedInterfaceOrientations_iPad = "UIInterfaceOrientationPortrait UIInterfaceOrientationPortraitUpsideDown UIInterfaceOrientationLandscapeLeft UIInterfaceOrientationLandscapeRight";
				INFOPLIST_KEY_UISupportedInterfaceOrientations_iPhone = "UIInterfaceOrientationPortrait UIInterfaceOrientationLandscapeLeft UIInterfaceOrientationLandscapeRight";
				IPHONEOS_DEPLOYMENT_TARGET = 16.1;
				LD_RUNPATH_SEARCH_PATHS = (
					"$(inherited)",
					"@executable_path/Frameworks",
				);
				MARKETING_VERSION = 1.0;
				PRODUCT_BUNDLE_IDENTIFIER = none.HomeDemo;
				PRODUCT_NAME = "$(TARGET_NAME)";
				SWIFT_EMIT_LOC_STRINGS = YES;
				SWIFT_VERSION = 5.0;
				TARGETED_DEVICE_FAMILY = "1,2";
			};
			name = Release;
		};
/* End XCBuildConfiguration section */

/* Begin XCConfigurationList section */
		58260EA6294DCD0C008EA67B /* Build configuration list for PBXNativeTarget "LoginDemo" */ = {
			isa = XCConfigurationList;
			buildConfigurations = (
				58260EA4294DCD0C008EA67B /* Debug */,
				58260EA5294DCD0C008EA67B /* Release */,
			);
			defaultConfigurationIsVisible = 0;
			defaultConfigurationName = Release;
		};
		587A4BDA294DC07F00521BC7 /* Build configuration list for PBXProject "CoolApp" */ = {
			isa = XCConfigurationList;
			buildConfigurations = (
				587A4BEB294DC08000521BC7 /* Debug */,
				587A4BEC294DC08000521BC7 /* Release */,
			);
			defaultConfigurationIsVisible = 0;
			defaultConfigurationName = Release;
		};
		587A4BED294DC08000521BC7 /* Build configuration list for PBXNativeTarget "CoolApp" */ = {
			isa = XCConfigurationList;
			buildConfigurations = (
				587A4BEE294DC08000521BC7 /* Debug */,
				587A4BEF294DC08000521BC7 /* Release */,
			);
			defaultConfigurationIsVisible = 0;
			defaultConfigurationName = Release;
		};
		58807679294DFF28005E22E5 /* Build configuration list for PBXNativeTarget "FeatureDemo" */ = {
			isa = XCConfigurationList;
			buildConfigurations = (
				5880767A294DFF28005E22E5 /* Debug */,
				5880767B294DFF28005E22E5 /* Release */,
			);
			defaultConfigurationIsVisible = 0;
			defaultConfigurationName = Release;
		};
		58807690294E04CD005E22E5 /* Build configuration list for PBXNativeTarget "HomeDemo" */ = {
			isa = XCConfigurationList;
			buildConfigurations = (
				58807691294E04CD005E22E5 /* Debug */,
				58807692294E04CD005E22E5 /* Release */,
			);
			defaultConfigurationIsVisible = 0;
			defaultConfigurationName = Release;
		};
/* End XCConfigurationList section */

/* Begin XCSwiftPackageProductDependency section */
		5880767D294DFF4B005E22E5 /* Feature */ = {
			isa = XCSwiftPackageProductDependency;
			productName = Feature;
		};
		58807693294E04F3005E22E5 /* Home */ = {
			isa = XCSwiftPackageProductDependency;
			productName = Home;
		};
		58807695294E0837005E22E5 /* Home */ = {
			isa = XCSwiftPackageProductDependency;
			productName = Home;
		};
		58807697294E0839005E22E5 /* Login */ = {
			isa = XCSwiftPackageProductDependency;
			productName = Login;
		};
		58D2C9F5294DD1A800B14D4C /* Login */ = {
			isa = XCSwiftPackageProductDependency;
			productName = Login;
		};
/* End XCSwiftPackageProductDependency section */
	};
	rootObject = 587A4BD7294DC07F00521BC7 /* Project object */;
}
